
Microsoft Visual Studio Solution File, Format Version 12.00
Project("{FAE04EC0-301F-11D3-BF4B-00C04F79EFBC}") = "cedix.io", "cedix.io\cedix.io.csproj", "{08737FE5-8A97-423C-A6F0-6F7C7EF9E3EE}"
EndProject
Global
	GlobalSection(SolutionConfigurationPlatforms) = preSolution
		Debug|Any CPU = Debug|Any CPU
		Release|Any CPU = Release|Any CPU
	EndGlobalSection
	GlobalSection(ProjectConfigurationPlatforms) = postSolution
		{08737FE5-8A97-423C-A6F0-6F7C7EF9E3EE}.Debug|Any CPU.ActiveCfg = Debug|Any CPU
		{08737FE5-8A97-423C-A6F0-6F7C7EF9E3EE}.Debug|Any CPU.Build.0 = Debug|Any CPU
		{08737FE5-8A97-423C-A6F0-6F7C7EF9E3EE}.Release|Any CPU.ActiveCfg = Release|Any CPU
		{08737FE5-8A97-423C-A6F0-6F7C7EF9E3EE}.Release|Any CPU.Build.0 = Release|Any CPU
	EndGlobalSection
EndGlobal
